
Microsoft Visual Studio Solution File, Format Version 12.00
# Visual Studio 15
VisualStudioVersion = 15.0.27004.2002
MinimumVisualStudioVersion = 10.0.40219.1
Project("{FAE04EC0-301F-11D3-BF4B-00C04F79EFBC}") = "MvcCRM", "MvcCRM\MvcCRM.csproj", "{E92BBB2D-D7BA-42F7-92CE-BF535E68C90E}"
EndProject
Global
	GlobalSection(SolutionConfigurationPlatforms) = preSolution
		Debug|Any CPU = Debug|Any CPU
		Release|Any CPU = Release|Any CPU
	EndGlobalSection
	GlobalSection(ProjectConfigurationPlatforms) = postSolution
		{E92BBB2D-D7BA-42F7-92CE-BF535E68C90E}.Debug|Any CPU.ActiveCfg = Debug|Any CPU
		{E92BBB2D-D7BA-42F7-92CE-BF535E68C90E}.Debug|Any CPU.Build.0 = Debug|Any CPU
		{E92BBB2D-D7BA-42F7-92CE-BF535E68C90E}.Release|Any CPU.ActiveCfg = Release|Any CPU
		{E92BBB2D-D7BA-42F7-92CE-BF535E68C90E}.Release|Any CPU.Build.0 = Release|Any CPU
	EndGlobalSection
	GlobalSection(SolutionProperties) = preSolution
		HideSolutionNode = FALSE
	EndGlobalSection
	GlobalSection(ExtensibilityGlobals) = postSolution
		SolutionGuid = {893875CA-6797-4694-A04E-B27A3CA7BDAA}
	EndGlobalSection
EndGlobal
